
Microsoft Visual Studio Solution File, Format Version 12.00
# Visual Studio Version 16
VisualStudioVersion = 16.0.29503.13
MinimumVisualStudioVersion = 10.0.40219.1
Project("{8BC9CEB8-8B4A-11D0-8D11-00A0C91BC942}") = "WarpTPS", "src\WarpTPS.vcxproj", "{0A0667A5-60B1-B983-D5F3-DED1F66D4B42}"
EndProject
Project("{930C7802-8A8C-48F9-8165-68863BCCD9DD}") = "BlendySetup", "BlendySetup\BlendySetup.wixproj", "{20BEB6A7-C097-4EF7-B46B-3BBA2EBE36A6}"
EndProject
Project("{2150E333-8FDC-42A3-9474-1A3956D46DE8}") = "TestData", "TestData", "{FA3D93D6-BBC3-4386-B249-25F289B0C3FA}"
	ProjectSection(SolutionItems) = preProject
		TestData\001.bmp = TestData\001.bmp
		TestData\002.bmp = TestData\002.bmp
	EndProjectSection
EndProject
Project("{8BC9CEB8-8B4A-11D0-8D11-00A0C91BC942}") = "UnitTest1", "UnitTest1\UnitTest1.vcxproj", "{0D15F36A-7B13-4DE4-8F29-A119EACD2B9F}"
EndProject
Project("{8BC9CEB8-8B4A-11D0-8D11-00A0C91BC942}") = "WarpTpsLib", "WarpTpsLib\WarpTpsLib.vcxproj", "{05FAF87B-7E6B-4ED7-9592-E2D7D91E4699}"
EndProject
Global
	GlobalSection(SolutionConfigurationPlatforms) = preSolution
		Debug|x64 = Debug|x64
		Debug|x86 = Debug|x86
		Release|x64 = Release|x64
		Release|x86 = Release|x86
		Template|x64 = Template|x64
		Template|x86 = Template|x86
	EndGlobalSection
	GlobalSection(ProjectConfigurationPlatforms) = postSolution
		{0A0667A5-60B1-B983-D5F3-DED1F66D4B42}.Debug|x64.ActiveCfg = Debug|Win32
		{0A0667A5-60B1-B983-D5F3-DED1F66D4B42}.Debug|x86.ActiveCfg = Debug|Win32
		{0A0667A5-60B1-B983-D5F3-DED1F66D4B42}.Debug|x86.Build.0 = Debug|Win32
		{0A0667A5-60B1-B983-D5F3-DED1F66D4B42}.Release|x64.ActiveCfg = Release|Win32
		{0A0667A5-60B1-B983-D5F3-DED1F66D4B42}.Release|x86.ActiveCfg = Release|Win32
		{0A0667A5-60B1-B983-D5F3-DED1F66D4B42}.Release|x86.Build.0 = Release|Win32
		{0A0667A5-60B1-B983-D5F3-DED1F66D4B42}.Template|x64.ActiveCfg = Template|Win32
		{0A0667A5-60B1-B983-D5F3-DED1F66D4B42}.Template|x86.ActiveCfg = Template|Win32
		{0A0667A5-60B1-B983-D5F3-DED1F66D4B42}.Template|x86.Build.0 = Template|Win32
		{20BEB6A7-C097-4EF7-B46B-3BBA2EBE36A6}.Debug|x64.ActiveCfg = Debug|x86
		{20BEB6A7-C097-4EF7-B46B-3BBA2EBE36A6}.Debug|x86.ActiveCfg = Debug|x86
		{20BEB6A7-C097-4EF7-B46B-3BBA2EBE36A6}.Debug|x86.Build.0 = Debug|x86
		{20BEB6A7-C097-4EF7-B46B-3BBA2EBE36A6}.Release|x64.ActiveCfg = Release|x86
		{20BEB6A7-C097-4EF7-B46B-3BBA2EBE36A6}.Release|x86.ActiveCfg = Release|x86
		{20BEB6A7-C097-4EF7-B46B-3BBA2EBE36A6}.Release|x86.Build.0 = Release|x86
		{20BEB6A7-C097-4EF7-B46B-3BBA2EBE36A6}.Template|x64.ActiveCfg = Release|x86
		{20BEB6A7-C097-4EF7-B46B-3BBA2EBE36A6}.Template|x64.Build.0 = Release|x86
		{20BEB6A7-C097-4EF7-B46B-3BBA2EBE36A6}.Template|x86.ActiveCfg = Release|x86
		{20BEB6A7-C097-4EF7-B46B-3BBA2EBE36A6}.Template|x86.Build.0 = Release|x86
		{0D15F36A-7B13-4DE4-8F29-A119EACD2B9F}.Debug|x64.ActiveCfg = Debug|x64
		{0D15F36A-7B13-4DE4-8F29-A119EACD2B9F}.Debug|x64.Build.0 = Debug|x64
		{0D15F36A-7B13-4DE4-8F29-A119EACD2B9F}.Debug|x86.ActiveCfg = Debug|Win32
		{0D15F36A-7B13-4DE4-8F29-A119EACD2B9F}.Debug|x86.Build.0 = Debug|Win32
		{0D15F36A-7B13-4DE4-8F29-A119EACD2B9F}.Release|x64.ActiveCfg = Release|x64
		{0D15F36A-7B13-4DE4-8F29-A119EACD2B9F}.Release|x64.Build.0 = Release|x64
		{0D15F36A-7B13-4DE4-8F29-A119EACD2B9F}.Release|x86.ActiveCfg = Release|Win32
		{0D15F36A-7B13-4DE4-8F29-A119EACD2B9F}.Release|x86.Build.0 = Release|Win32
		{0D15F36A-7B13-4DE4-8F29-A119EACD2B9F}.Template|x64.ActiveCfg = Release|x64
		{0D15F36A-7B13-4DE4-8F29-A119EACD2B9F}.Template|x64.Build.0 = Release|x64
		{0D15F36A-7B13-4DE4-8F29-A119EACD2B9F}.Template|x86.ActiveCfg = Release|Win32
		{0D15F36A-7B13-4DE4-8F29-A119EACD2B9F}.Template|x86.Build.0 = Release|Win32
		{05FAF87B-7E6B-4ED7-9592-E2D7D91E4699}.Debug|x64.ActiveCfg = Debug|x64
		{05FAF87B-7E6B-4ED7-9592-E2D7D91E4699}.Debug|x64.Build.0 = Debug|x64
		{05FAF87B-7E6B-4ED7-9592-E2D7D91E4699}.Debug|x86.ActiveCfg = Debug|Win32
		{05FAF87B-7E6B-4ED7-9592-E2D7D91E4699}.Debug|x86.Build.0 = Debug|Win32
		{05FAF87B-7E6B-4ED7-9592-E2D7D91E4699}.Release|x64.ActiveCfg = Release|x64
		{05FAF87B-7E6B-4ED7-9592-E2D7D91E4699}.Release|x64.Build.0 = Release|x64
		{05FAF87B-7E6B-4ED7-9592-E2D7D91E4699}.Release|x86.ActiveCfg = Release|Win32
		{05FAF87B-7E6B-4ED7-9592-E2D7D91E4699}.Release|x86.Build.0 = Release|Win32
		{05FAF87B-7E6B-4ED7-9592-E2D7D91E4699}.Template|x64.ActiveCfg = Release|x64
		{05FAF87B-7E6B-4ED7-9592-E2D7D91E4699}.Template|x64.Build.0 = Release|x64
		{05FAF87B-7E6B-4ED7-9592-E2D7D91E4699}.Template|x86.ActiveCfg = Release|Win32
		{05FAF87B-7E6B-4ED7-9592-E2D7D91E4699}.Template|x86.Build.0 = Release|Win32
	EndGlobalSection
	GlobalSection(SolutionProperties) = preSolution
		HideSolutionNode = FALSE
	EndGlobalSection
	GlobalSection(ExtensibilityGlobals) = postSolution
		SolutionGuid = {41666971-38A7-4C14-836E-11444E9CEEAC}
	EndGlobalSection
EndGlobal
