
Microsoft Visual Studio Solution File, Format Version 12.00
# Visual Studio Version 17
VisualStudioVersion = 17.13.35919.96 d17.13
MinimumVisualStudioVersion = 10.0.40219.1
Project("{8BC9CEB8-8B4A-11D0-8D11-00A0C91BC942}") = "WarpTPS", "src\WarpTPS.vcxproj", "{0A0667A5-60B1-B983-D5F3-DED1F66D4B42}"
EndProject
Project("{930C7802-8A8C-48F9-8165-68863BCCD9DD}") = "BlendySetup", "BlendySetup\BlendySetup.wixproj", "{20BEB6A7-C097-4EF7-B46B-3BBA2EBE36A6}"
EndProject
Project("{2150E333-8FDC-42A3-9474-1A3956D46DE8}") = "TestData", "TestData", "{FA3D93D6-BBC3-4386-B249-25F289B0C3FA}"
	ProjectSection(SolutionItems) = preProject
		TestData\001.bmp = TestData\001.bmp
		TestData\002.bmp = TestData\002.bmp
	EndProjectSection
EndProject
Project("{8BC9CEB8-8B4A-11D0-8D11-00A0C91BC942}") = "WarpTpsLib.UnitTest", "UnitTest1\UnitTest1.vcxproj", "{0D15F36A-7B13-4DE4-8F29-A119EACD2B9F}"
	ProjectSection(ProjectDependencies) = postProject
		{05FAF87B-7E6B-4ED7-9592-E2D7D91E4699} = {05FAF87B-7E6B-4ED7-9592-E2D7D91E4699}
	EndProjectSection
EndProject
Project("{8BC9CEB8-8B4A-11D0-8D11-00A0C91BC942}") = "WarpTpsLib", "WarpTpsLib\WarpTpsLib.vcxproj", "{05FAF87B-7E6B-4ED7-9592-E2D7D91E4699}"
EndProject
Project("{8BC9CEB8-8B4A-11D0-8D11-00A0C91BC942}") = "WarpWebServer", "WarpWebServer\WarpWebServer.vcxproj", "{413FB3EC-F263-4D1A-8985-6473744BCC22}"
EndProject
Project("{2150E333-8FDC-42A3-9474-1A3956D46DE8}") = "SolutionItems", "SolutionItems", "{95FE9090-C223-4F05-A639-A68218861D51}"
	ProjectSection(SolutionItems) = preProject
		azure-pipelines.yml = azure-pipelines.yml
		build_all.bat = build_all.bat
	EndProjectSection
EndProject
Project("{8BC9CEB8-8B4A-11D0-8D11-00A0C91BC942}") = "FeatureExtractionConsole", "FeatureExtractionConsole\FeatureExtractionConsole.vcxproj", "{3CB170EF-B29D-4563-8558-D751B33B7E59}"
EndProject
Project("{C7167F0D-BC9F-4E6E-AFE1-012C56B48DB5}") = "WarpTpsPackage", "WarpTpsPackage\WarpTpsPackage.wapproj", "{F3C652CD-5265-4615-8496-A93158024122}"
EndProject
Project("{FAE04EC0-301F-11D3-BF4B-00C04F79EFBC}") = "BlazorWarpTps", "BlazorWarpTps\BlazorWarpTps.csproj", "{5C1A8F98-126D-4FE3-AB3B-1D903A1EF7AA}"
EndProject
Project("{8BC9CEB8-8B4A-11D0-8D11-00A0C91BC942}") = "WarpTpsClr", "WarpTpsClr\WarpTpsClr.vcxproj", "{21854844-2186-4188-A7B8-3E3BEEB3213B}"
EndProject
Global
	GlobalSection(SolutionConfigurationPlatforms) = preSolution
		Debug|Any CPU = Debug|Any CPU
		Debug|ARM = Debug|ARM
		Debug|ARM64 = Debug|ARM64
		Debug|x64 = Debug|x64
		Debug|x86 = Debug|x86
		Release|Any CPU = Release|Any CPU
		Release|ARM = Release|ARM
		Release|ARM64 = Release|ARM64
		Release|x64 = Release|x64
		Release|x86 = Release|x86
		Template|Any CPU = Template|Any CPU
		Template|ARM = Template|ARM
		Template|ARM64 = Template|ARM64
		Template|x64 = Template|x64
		Template|x86 = Template|x86
	EndGlobalSection
	GlobalSection(ProjectConfigurationPlatforms) = postSolution
		{0A0667A5-60B1-B983-D5F3-DED1F66D4B42}.Debug|Any CPU.ActiveCfg = Debug|Win32
		{0A0667A5-60B1-B983-D5F3-DED1F66D4B42}.Debug|ARM.ActiveCfg = Debug|Win32
		{0A0667A5-60B1-B983-D5F3-DED1F66D4B42}.Debug|ARM64.ActiveCfg = Debug|Win32
		{0A0667A5-60B1-B983-D5F3-DED1F66D4B42}.Debug|x64.ActiveCfg = Debug|Win32
		{0A0667A5-60B1-B983-D5F3-DED1F66D4B42}.Debug|x64.Build.0 = Debug|Win32
		{0A0667A5-60B1-B983-D5F3-DED1F66D4B42}.Debug|x86.ActiveCfg = Debug|Win32
		{0A0667A5-60B1-B983-D5F3-DED1F66D4B42}.Debug|x86.Build.0 = Debug|Win32
		{0A0667A5-60B1-B983-D5F3-DED1F66D4B42}.Release|Any CPU.ActiveCfg = Release|Win32
		{0A0667A5-60B1-B983-D5F3-DED1F66D4B42}.Release|ARM.ActiveCfg = Release|Win32
		{0A0667A5-60B1-B983-D5F3-DED1F66D4B42}.Release|ARM64.ActiveCfg = Release|Win32
		{0A0667A5-60B1-B983-D5F3-DED1F66D4B42}.Release|x64.ActiveCfg = Release|Win32
		{0A0667A5-60B1-B983-D5F3-DED1F66D4B42}.Release|x86.ActiveCfg = Release|Win32
		{0A0667A5-60B1-B983-D5F3-DED1F66D4B42}.Release|x86.Build.0 = Release|Win32
		{0A0667A5-60B1-B983-D5F3-DED1F66D4B42}.Template|Any CPU.ActiveCfg = Template|Win32
		{0A0667A5-60B1-B983-D5F3-DED1F66D4B42}.Template|ARM.ActiveCfg = Template|Win32
		{0A0667A5-60B1-B983-D5F3-DED1F66D4B42}.Template|ARM64.ActiveCfg = Template|Win32
		{0A0667A5-60B1-B983-D5F3-DED1F66D4B42}.Template|x64.ActiveCfg = Template|Win32
		{0A0667A5-60B1-B983-D5F3-DED1F66D4B42}.Template|x86.ActiveCfg = Template|Win32
		{0A0667A5-60B1-B983-D5F3-DED1F66D4B42}.Template|x86.Build.0 = Template|Win32
		{20BEB6A7-C097-4EF7-B46B-3BBA2EBE36A6}.Debug|Any CPU.ActiveCfg = Debug|x86
		{20BEB6A7-C097-4EF7-B46B-3BBA2EBE36A6}.Debug|ARM.ActiveCfg = Debug|x86
		{20BEB6A7-C097-4EF7-B46B-3BBA2EBE36A6}.Debug|ARM64.ActiveCfg = Debug|x86
		{20BEB6A7-C097-4EF7-B46B-3BBA2EBE36A6}.Debug|x64.ActiveCfg = Debug|x86
		{20BEB6A7-C097-4EF7-B46B-3BBA2EBE36A6}.Debug|x86.ActiveCfg = Debug|x86
		{20BEB6A7-C097-4EF7-B46B-3BBA2EBE36A6}.Debug|x86.Build.0 = Debug|x86
		{20BEB6A7-C097-4EF7-B46B-3BBA2EBE36A6}.Release|Any CPU.ActiveCfg = Release|x86
		{20BEB6A7-C097-4EF7-B46B-3BBA2EBE36A6}.Release|ARM.ActiveCfg = Release|x86
		{20BEB6A7-C097-4EF7-B46B-3BBA2EBE36A6}.Release|ARM64.ActiveCfg = Release|x86
		{20BEB6A7-C097-4EF7-B46B-3BBA2EBE36A6}.Release|x64.ActiveCfg = Release|x86
		{20BEB6A7-C097-4EF7-B46B-3BBA2EBE36A6}.Release|x86.ActiveCfg = Release|x86
		{20BEB6A7-C097-4EF7-B46B-3BBA2EBE36A6}.Release|x86.Build.0 = Release|x86
		{20BEB6A7-C097-4EF7-B46B-3BBA2EBE36A6}.Template|Any CPU.ActiveCfg = Release|x86
		{20BEB6A7-C097-4EF7-B46B-3BBA2EBE36A6}.Template|ARM.ActiveCfg = Release|x86
		{20BEB6A7-C097-4EF7-B46B-3BBA2EBE36A6}.Template|ARM64.ActiveCfg = Release|x86
		{20BEB6A7-C097-4EF7-B46B-3BBA2EBE36A6}.Template|x64.ActiveCfg = Release|x86
		{20BEB6A7-C097-4EF7-B46B-3BBA2EBE36A6}.Template|x64.Build.0 = Release|x86
		{20BEB6A7-C097-4EF7-B46B-3BBA2EBE36A6}.Template|x86.ActiveCfg = Release|x86
		{20BEB6A7-C097-4EF7-B46B-3BBA2EBE36A6}.Template|x86.Build.0 = Release|x86
		{0D15F36A-7B13-4DE4-8F29-A119EACD2B9F}.Debug|Any CPU.ActiveCfg = Debug|Win32
		{0D15F36A-7B13-4DE4-8F29-A119EACD2B9F}.Debug|ARM.ActiveCfg = Debug|Win32
		{0D15F36A-7B13-4DE4-8F29-A119EACD2B9F}.Debug|ARM64.ActiveCfg = Debug|Win32
		{0D15F36A-7B13-4DE4-8F29-A119EACD2B9F}.Debug|x64.ActiveCfg = Debug|x64
		{0D15F36A-7B13-4DE4-8F29-A119EACD2B9F}.Debug|x64.Build.0 = Debug|x64
		{0D15F36A-7B13-4DE4-8F29-A119EACD2B9F}.Debug|x86.ActiveCfg = Debug|Win32
		{0D15F36A-7B13-4DE4-8F29-A119EACD2B9F}.Debug|x86.Build.0 = Debug|Win32
		{0D15F36A-7B13-4DE4-8F29-A119EACD2B9F}.Release|Any CPU.ActiveCfg = Release|Win32
		{0D15F36A-7B13-4DE4-8F29-A119EACD2B9F}.Release|ARM.ActiveCfg = Release|Win32
		{0D15F36A-7B13-4DE4-8F29-A119EACD2B9F}.Release|ARM64.ActiveCfg = Release|Win32
		{0D15F36A-7B13-4DE4-8F29-A119EACD2B9F}.Release|x64.ActiveCfg = Release|x64
		{0D15F36A-7B13-4DE4-8F29-A119EACD2B9F}.Release|x64.Build.0 = Release|x64
		{0D15F36A-7B13-4DE4-8F29-A119EACD2B9F}.Release|x86.ActiveCfg = Release|Win32
		{0D15F36A-7B13-4DE4-8F29-A119EACD2B9F}.Release|x86.Build.0 = Release|Win32
		{0D15F36A-7B13-4DE4-8F29-A119EACD2B9F}.Template|Any CPU.ActiveCfg = Release|Win32
		{0D15F36A-7B13-4DE4-8F29-A119EACD2B9F}.Template|Any CPU.Build.0 = Release|Win32
		{0D15F36A-7B13-4DE4-8F29-A119EACD2B9F}.Template|ARM.ActiveCfg = Release|Win32
		{0D15F36A-7B13-4DE4-8F29-A119EACD2B9F}.Template|ARM.Build.0 = Release|Win32
		{0D15F36A-7B13-4DE4-8F29-A119EACD2B9F}.Template|ARM64.ActiveCfg = Release|Win32
		{0D15F36A-7B13-4DE4-8F29-A119EACD2B9F}.Template|ARM64.Build.0 = Release|Win32
		{0D15F36A-7B13-4DE4-8F29-A119EACD2B9F}.Template|x64.ActiveCfg = Release|x64
		{0D15F36A-7B13-4DE4-8F29-A119EACD2B9F}.Template|x64.Build.0 = Release|x64
		{0D15F36A-7B13-4DE4-8F29-A119EACD2B9F}.Template|x86.ActiveCfg = Release|Win32
		{0D15F36A-7B13-4DE4-8F29-A119EACD2B9F}.Template|x86.Build.0 = Release|Win32
		{05FAF87B-7E6B-4ED7-9592-E2D7D91E4699}.Debug|Any CPU.ActiveCfg = Debug|Win32
		{05FAF87B-7E6B-4ED7-9592-E2D7D91E4699}.Debug|ARM.ActiveCfg = Debug|Win32
		{05FAF87B-7E6B-4ED7-9592-E2D7D91E4699}.Debug|ARM64.ActiveCfg = Debug|Win32
		{05FAF87B-7E6B-4ED7-9592-E2D7D91E4699}.Debug|x64.ActiveCfg = Debug|x64
		{05FAF87B-7E6B-4ED7-9592-E2D7D91E4699}.Debug|x64.Build.0 = Debug|x64
		{05FAF87B-7E6B-4ED7-9592-E2D7D91E4699}.Debug|x86.ActiveCfg = Debug|Win32
		{05FAF87B-7E6B-4ED7-9592-E2D7D91E4699}.Debug|x86.Build.0 = Debug|Win32
		{05FAF87B-7E6B-4ED7-9592-E2D7D91E4699}.Release|Any CPU.ActiveCfg = Release|Win32
		{05FAF87B-7E6B-4ED7-9592-E2D7D91E4699}.Release|ARM.ActiveCfg = Release|Win32
		{05FAF87B-7E6B-4ED7-9592-E2D7D91E4699}.Release|ARM64.ActiveCfg = Release|Win32
		{05FAF87B-7E6B-4ED7-9592-E2D7D91E4699}.Release|x64.ActiveCfg = Release|x64
		{05FAF87B-7E6B-4ED7-9592-E2D7D91E4699}.Release|x64.Build.0 = Release|x64
		{05FAF87B-7E6B-4ED7-9592-E2D7D91E4699}.Release|x86.ActiveCfg = Release|Win32
		{05FAF87B-7E6B-4ED7-9592-E2D7D91E4699}.Release|x86.Build.0 = Release|Win32
		{05FAF87B-7E6B-4ED7-9592-E2D7D91E4699}.Template|Any CPU.ActiveCfg = Release|Win32
		{05FAF87B-7E6B-4ED7-9592-E2D7D91E4699}.Template|Any CPU.Build.0 = Release|Win32
		{05FAF87B-7E6B-4ED7-9592-E2D7D91E4699}.Template|ARM.ActiveCfg = Release|Win32
		{05FAF87B-7E6B-4ED7-9592-E2D7D91E4699}.Template|ARM.Build.0 = Release|Win32
		{05FAF87B-7E6B-4ED7-9592-E2D7D91E4699}.Template|ARM64.ActiveCfg = Release|Win32
		{05FAF87B-7E6B-4ED7-9592-E2D7D91E4699}.Template|ARM64.Build.0 = Release|Win32
		{05FAF87B-7E6B-4ED7-9592-E2D7D91E4699}.Template|x64.ActiveCfg = Release|x64
		{05FAF87B-7E6B-4ED7-9592-E2D7D91E4699}.Template|x64.Build.0 = Release|x64
		{05FAF87B-7E6B-4ED7-9592-E2D7D91E4699}.Template|x86.ActiveCfg = Release|Win32
		{05FAF87B-7E6B-4ED7-9592-E2D7D91E4699}.Template|x86.Build.0 = Release|Win32
		{413FB3EC-F263-4D1A-8985-6473744BCC22}.Debug|Any CPU.ActiveCfg = Debug|Win32
		{413FB3EC-F263-4D1A-8985-6473744BCC22}.Debug|ARM.ActiveCfg = Debug|Win32
		{413FB3EC-F263-4D1A-8985-6473744BCC22}.Debug|ARM64.ActiveCfg = Debug|Win32
		{413FB3EC-F263-4D1A-8985-6473744BCC22}.Debug|x64.ActiveCfg = Debug|x64
		{413FB3EC-F263-4D1A-8985-6473744BCC22}.Debug|x64.Build.0 = Debug|x64
		{413FB3EC-F263-4D1A-8985-6473744BCC22}.Debug|x86.ActiveCfg = Debug|Win32
		{413FB3EC-F263-4D1A-8985-6473744BCC22}.Debug|x86.Build.0 = Debug|Win32
		{413FB3EC-F263-4D1A-8985-6473744BCC22}.Release|Any CPU.ActiveCfg = Release|Win32
		{413FB3EC-F263-4D1A-8985-6473744BCC22}.Release|ARM.ActiveCfg = Release|Win32
		{413FB3EC-F263-4D1A-8985-6473744BCC22}.Release|ARM64.ActiveCfg = Release|Win32
		{413FB3EC-F263-4D1A-8985-6473744BCC22}.Release|x64.ActiveCfg = Release|x64
		{413FB3EC-F263-4D1A-8985-6473744BCC22}.Release|x64.Build.0 = Release|x64
		{413FB3EC-F263-4D1A-8985-6473744BCC22}.Release|x86.ActiveCfg = Release|Win32
		{413FB3EC-F263-4D1A-8985-6473744BCC22}.Release|x86.Build.0 = Release|Win32
		{413FB3EC-F263-4D1A-8985-6473744BCC22}.Template|Any CPU.ActiveCfg = Release|Win32
		{413FB3EC-F263-4D1A-8985-6473744BCC22}.Template|Any CPU.Build.0 = Release|Win32
		{413FB3EC-F263-4D1A-8985-6473744BCC22}.Template|ARM.ActiveCfg = Release|Win32
		{413FB3EC-F263-4D1A-8985-6473744BCC22}.Template|ARM.Build.0 = Release|Win32
		{413FB3EC-F263-4D1A-8985-6473744BCC22}.Template|ARM64.ActiveCfg = Release|Win32
		{413FB3EC-F263-4D1A-8985-6473744BCC22}.Template|ARM64.Build.0 = Release|Win32
		{413FB3EC-F263-4D1A-8985-6473744BCC22}.Template|x64.ActiveCfg = Release|x64
		{413FB3EC-F263-4D1A-8985-6473744BCC22}.Template|x64.Build.0 = Release|x64
		{413FB3EC-F263-4D1A-8985-6473744BCC22}.Template|x86.ActiveCfg = Release|Win32
		{413FB3EC-F263-4D1A-8985-6473744BCC22}.Template|x86.Build.0 = Release|Win32
		{3CB170EF-B29D-4563-8558-D751B33B7E59}.Debug|Any CPU.ActiveCfg = Debug|Win32
		{3CB170EF-B29D-4563-8558-D751B33B7E59}.Debug|ARM.ActiveCfg = Debug|Win32
		{3CB170EF-B29D-4563-8558-D751B33B7E59}.Debug|ARM64.ActiveCfg = Debug|Win32
		{3CB170EF-B29D-4563-8558-D751B33B7E59}.Debug|x64.ActiveCfg = Debug|x64
		{3CB170EF-B29D-4563-8558-D751B33B7E59}.Debug|x64.Build.0 = Debug|x64
		{3CB170EF-B29D-4563-8558-D751B33B7E59}.Debug|x86.ActiveCfg = Debug|Win32
		{3CB170EF-B29D-4563-8558-D751B33B7E59}.Release|Any CPU.ActiveCfg = Release|Win32
		{3CB170EF-B29D-4563-8558-D751B33B7E59}.Release|ARM.ActiveCfg = Release|Win32
		{3CB170EF-B29D-4563-8558-D751B33B7E59}.Release|ARM64.ActiveCfg = Release|Win32
		{3CB170EF-B29D-4563-8558-D751B33B7E59}.Release|x64.ActiveCfg = Release|x64
		{3CB170EF-B29D-4563-8558-D751B33B7E59}.Release|x64.Build.0 = Release|x64
		{3CB170EF-B29D-4563-8558-D751B33B7E59}.Release|x86.ActiveCfg = Release|Win32
		{3CB170EF-B29D-4563-8558-D751B33B7E59}.Template|Any CPU.ActiveCfg = Release|Win32
		{3CB170EF-B29D-4563-8558-D751B33B7E59}.Template|Any CPU.Build.0 = Release|Win32
		{3CB170EF-B29D-4563-8558-D751B33B7E59}.Template|ARM.ActiveCfg = Release|Win32
		{3CB170EF-B29D-4563-8558-D751B33B7E59}.Template|ARM.Build.0 = Release|Win32
		{3CB170EF-B29D-4563-8558-D751B33B7E59}.Template|ARM64.ActiveCfg = Release|Win32
		{3CB170EF-B29D-4563-8558-D751B33B7E59}.Template|ARM64.Build.0 = Release|Win32
		{3CB170EF-B29D-4563-8558-D751B33B7E59}.Template|x64.ActiveCfg = Release|x64
		{3CB170EF-B29D-4563-8558-D751B33B7E59}.Template|x64.Build.0 = Release|x64
		{3CB170EF-B29D-4563-8558-D751B33B7E59}.Template|x86.ActiveCfg = Release|Win32
		{3CB170EF-B29D-4563-8558-D751B33B7E59}.Template|x86.Build.0 = Release|Win32
		{F3C652CD-5265-4615-8496-A93158024122}.Debug|Any CPU.ActiveCfg = Debug|Any CPU
		{F3C652CD-5265-4615-8496-A93158024122}.Debug|Any CPU.Build.0 = Debug|Any CPU
		{F3C652CD-5265-4615-8496-A93158024122}.Debug|Any CPU.Deploy.0 = Debug|Any CPU
		{F3C652CD-5265-4615-8496-A93158024122}.Debug|ARM.ActiveCfg = Debug|ARM
		{F3C652CD-5265-4615-8496-A93158024122}.Debug|ARM.Build.0 = Debug|ARM
		{F3C652CD-5265-4615-8496-A93158024122}.Debug|ARM.Deploy.0 = Debug|ARM
		{F3C652CD-5265-4615-8496-A93158024122}.Debug|ARM64.ActiveCfg = Debug|ARM64
		{F3C652CD-5265-4615-8496-A93158024122}.Debug|ARM64.Build.0 = Debug|ARM64
		{F3C652CD-5265-4615-8496-A93158024122}.Debug|ARM64.Deploy.0 = Debug|ARM64
		{F3C652CD-5265-4615-8496-A93158024122}.Debug|x64.ActiveCfg = Debug|x64
		{F3C652CD-5265-4615-8496-A93158024122}.Debug|x64.Build.0 = Debug|x64
		{F3C652CD-5265-4615-8496-A93158024122}.Debug|x64.Deploy.0 = Debug|x64
		{F3C652CD-5265-4615-8496-A93158024122}.Debug|x86.ActiveCfg = Debug|x86
		{F3C652CD-5265-4615-8496-A93158024122}.Debug|x86.Build.0 = Debug|x86
		{F3C652CD-5265-4615-8496-A93158024122}.Debug|x86.Deploy.0 = Debug|x86
		{F3C652CD-5265-4615-8496-A93158024122}.Release|Any CPU.ActiveCfg = Release|Any CPU
		{F3C652CD-5265-4615-8496-A93158024122}.Release|Any CPU.Build.0 = Release|Any CPU
		{F3C652CD-5265-4615-8496-A93158024122}.Release|Any CPU.Deploy.0 = Release|Any CPU
		{F3C652CD-5265-4615-8496-A93158024122}.Release|ARM.ActiveCfg = Release|ARM
		{F3C652CD-5265-4615-8496-A93158024122}.Release|ARM.Build.0 = Release|ARM
		{F3C652CD-5265-4615-8496-A93158024122}.Release|ARM.Deploy.0 = Release|ARM
		{F3C652CD-5265-4615-8496-A93158024122}.Release|ARM64.ActiveCfg = Release|ARM64
		{F3C652CD-5265-4615-8496-A93158024122}.Release|ARM64.Build.0 = Release|ARM64
		{F3C652CD-5265-4615-8496-A93158024122}.Release|ARM64.Deploy.0 = Release|ARM64
		{F3C652CD-5265-4615-8496-A93158024122}.Release|x64.ActiveCfg = Release|x64
		{F3C652CD-5265-4615-8496-A93158024122}.Release|x64.Build.0 = Release|x64
		{F3C652CD-5265-4615-8496-A93158024122}.Release|x64.Deploy.0 = Release|x64
		{F3C652CD-5265-4615-8496-A93158024122}.Release|x86.ActiveCfg = Release|x86
		{F3C652CD-5265-4615-8496-A93158024122}.Release|x86.Build.0 = Release|x86
		{F3C652CD-5265-4615-8496-A93158024122}.Release|x86.Deploy.0 = Release|x86
		{F3C652CD-5265-4615-8496-A93158024122}.Template|Any CPU.ActiveCfg = Release|Any CPU
		{F3C652CD-5265-4615-8496-A93158024122}.Template|Any CPU.Build.0 = Release|Any CPU
		{F3C652CD-5265-4615-8496-A93158024122}.Template|Any CPU.Deploy.0 = Release|Any CPU
		{F3C652CD-5265-4615-8496-A93158024122}.Template|ARM.ActiveCfg = Debug|ARM
		{F3C652CD-5265-4615-8496-A93158024122}.Template|ARM.Build.0 = Debug|ARM
		{F3C652CD-5265-4615-8496-A93158024122}.Template|ARM.Deploy.0 = Debug|ARM
		{F3C652CD-5265-4615-8496-A93158024122}.Template|ARM64.ActiveCfg = Debug|ARM64
		{F3C652CD-5265-4615-8496-A93158024122}.Template|ARM64.Build.0 = Debug|ARM64
		{F3C652CD-5265-4615-8496-A93158024122}.Template|ARM64.Deploy.0 = Debug|ARM64
		{F3C652CD-5265-4615-8496-A93158024122}.Template|x64.ActiveCfg = Debug|x64
		{F3C652CD-5265-4615-8496-A93158024122}.Template|x64.Build.0 = Debug|x64
		{F3C652CD-5265-4615-8496-A93158024122}.Template|x64.Deploy.0 = Debug|x64
		{F3C652CD-5265-4615-8496-A93158024122}.Template|x86.ActiveCfg = Debug|x86
		{F3C652CD-5265-4615-8496-A93158024122}.Template|x86.Build.0 = Debug|x86
		{F3C652CD-5265-4615-8496-A93158024122}.Template|x86.Deploy.0 = Debug|x86
		{5C1A8F98-126D-4FE3-AB3B-1D903A1EF7AA}.Debug|Any CPU.ActiveCfg = Debug|Any CPU
		{5C1A8F98-126D-4FE3-AB3B-1D903A1EF7AA}.Debug|Any CPU.Build.0 = Debug|Any CPU
		{5C1A8F98-126D-4FE3-AB3B-1D903A1EF7AA}.Debug|ARM.ActiveCfg = Debug|Any CPU
		{5C1A8F98-126D-4FE3-AB3B-1D903A1EF7AA}.Debug|ARM.Build.0 = Debug|Any CPU
		{5C1A8F98-126D-4FE3-AB3B-1D903A1EF7AA}.Debug|ARM64.ActiveCfg = Debug|Any CPU
		{5C1A8F98-126D-4FE3-AB3B-1D903A1EF7AA}.Debug|ARM64.Build.0 = Debug|Any CPU
		{5C1A8F98-126D-4FE3-AB3B-1D903A1EF7AA}.Debug|x64.ActiveCfg = Debug|Any CPU
		{5C1A8F98-126D-4FE3-AB3B-1D903A1EF7AA}.Debug|x64.Build.0 = Debug|Any CPU
		{5C1A8F98-126D-4FE3-AB3B-1D903A1EF7AA}.Debug|x86.ActiveCfg = Debug|Any CPU
		{5C1A8F98-126D-4FE3-AB3B-1D903A1EF7AA}.Debug|x86.Build.0 = Debug|Any CPU
		{5C1A8F98-126D-4FE3-AB3B-1D903A1EF7AA}.Release|Any CPU.ActiveCfg = Release|Any CPU
		{5C1A8F98-126D-4FE3-AB3B-1D903A1EF7AA}.Release|Any CPU.Build.0 = Release|Any CPU
		{5C1A8F98-126D-4FE3-AB3B-1D903A1EF7AA}.Release|ARM.ActiveCfg = Release|Any CPU
		{5C1A8F98-126D-4FE3-AB3B-1D903A1EF7AA}.Release|ARM.Build.0 = Release|Any CPU
		{5C1A8F98-126D-4FE3-AB3B-1D903A1EF7AA}.Release|ARM64.ActiveCfg = Release|Any CPU
		{5C1A8F98-126D-4FE3-AB3B-1D903A1EF7AA}.Release|ARM64.Build.0 = Release|Any CPU
		{5C1A8F98-126D-4FE3-AB3B-1D903A1EF7AA}.Release|x64.ActiveCfg = Release|Any CPU
		{5C1A8F98-126D-4FE3-AB3B-1D903A1EF7AA}.Release|x64.Build.0 = Release|Any CPU
		{5C1A8F98-126D-4FE3-AB3B-1D903A1EF7AA}.Release|x86.ActiveCfg = Release|Any CPU
		{5C1A8F98-126D-4FE3-AB3B-1D903A1EF7AA}.Release|x86.Build.0 = Release|Any CPU
		{5C1A8F98-126D-4FE3-AB3B-1D903A1EF7AA}.Template|Any CPU.ActiveCfg = Debug|Any CPU
		{5C1A8F98-126D-4FE3-AB3B-1D903A1EF7AA}.Template|Any CPU.Build.0 = Debug|Any CPU
		{5C1A8F98-126D-4FE3-AB3B-1D903A1EF7AA}.Template|ARM.ActiveCfg = Debug|Any CPU
		{5C1A8F98-126D-4FE3-AB3B-1D903A1EF7AA}.Template|ARM.Build.0 = Debug|Any CPU
		{5C1A8F98-126D-4FE3-AB3B-1D903A1EF7AA}.Template|ARM64.ActiveCfg = Debug|Any CPU
		{5C1A8F98-126D-4FE3-AB3B-1D903A1EF7AA}.Template|ARM64.Build.0 = Debug|Any CPU
		{5C1A8F98-126D-4FE3-AB3B-1D903A1EF7AA}.Template|x64.ActiveCfg = Debug|Any CPU
		{5C1A8F98-126D-4FE3-AB3B-1D903A1EF7AA}.Template|x64.Build.0 = Debug|Any CPU
		{5C1A8F98-126D-4FE3-AB3B-1D903A1EF7AA}.Template|x86.ActiveCfg = Debug|Any CPU
		{5C1A8F98-126D-4FE3-AB3B-1D903A1EF7AA}.Template|x86.Build.0 = Debug|Any CPU
		{21854844-2186-4188-A7B8-3E3BEEB3213B}.Debug|Any CPU.ActiveCfg = Debug|x64
		{21854844-2186-4188-A7B8-3E3BEEB3213B}.Debug|Any CPU.Build.0 = Debug|x64
		{21854844-2186-4188-A7B8-3E3BEEB3213B}.Debug|ARM.ActiveCfg = Debug|x64
		{21854844-2186-4188-A7B8-3E3BEEB3213B}.Debug|ARM.Build.0 = Debug|x64
		{21854844-2186-4188-A7B8-3E3BEEB3213B}.Debug|ARM64.ActiveCfg = Debug|x64
		{21854844-2186-4188-A7B8-3E3BEEB3213B}.Debug|ARM64.Build.0 = Debug|x64
		{21854844-2186-4188-A7B8-3E3BEEB3213B}.Debug|x64.ActiveCfg = Debug|x64
		{21854844-2186-4188-A7B8-3E3BEEB3213B}.Debug|x64.Build.0 = Debug|x64
		{21854844-2186-4188-A7B8-3E3BEEB3213B}.Debug|x86.ActiveCfg = Debug|Win32
		{21854844-2186-4188-A7B8-3E3BEEB3213B}.Debug|x86.Build.0 = Debug|Win32
		{21854844-2186-4188-A7B8-3E3BEEB3213B}.Release|Any CPU.ActiveCfg = Release|x64
		{21854844-2186-4188-A7B8-3E3BEEB3213B}.Release|Any CPU.Build.0 = Release|x64
		{21854844-2186-4188-A7B8-3E3BEEB3213B}.Release|ARM.ActiveCfg = Release|x64
		{21854844-2186-4188-A7B8-3E3BEEB3213B}.Release|ARM.Build.0 = Release|x64
		{21854844-2186-4188-A7B8-3E3BEEB3213B}.Release|ARM64.ActiveCfg = Release|x64
		{21854844-2186-4188-A7B8-3E3BEEB3213B}.Release|ARM64.Build.0 = Release|x64
		{21854844-2186-4188-A7B8-3E3BEEB3213B}.Release|x64.ActiveCfg = Release|x64
		{21854844-2186-4188-A7B8-3E3BEEB3213B}.Release|x64.Build.0 = Release|x64
		{21854844-2186-4188-A7B8-3E3BEEB3213B}.Release|x86.ActiveCfg = Release|Win32
		{21854844-2186-4188-A7B8-3E3BEEB3213B}.Release|x86.Build.0 = Release|Win32
		{21854844-2186-4188-A7B8-3E3BEEB3213B}.Template|Any CPU.ActiveCfg = Debug|x64
		{21854844-2186-4188-A7B8-3E3BEEB3213B}.Template|Any CPU.Build.0 = Debug|x64
		{21854844-2186-4188-A7B8-3E3BEEB3213B}.Template|ARM.ActiveCfg = Debug|x64
		{21854844-2186-4188-A7B8-3E3BEEB3213B}.Template|ARM.Build.0 = Debug|x64
		{21854844-2186-4188-A7B8-3E3BEEB3213B}.Template|ARM64.ActiveCfg = Debug|x64
		{21854844-2186-4188-A7B8-3E3BEEB3213B}.Template|ARM64.Build.0 = Debug|x64
		{21854844-2186-4188-A7B8-3E3BEEB3213B}.Template|x64.ActiveCfg = Debug|x64
		{21854844-2186-4188-A7B8-3E3BEEB3213B}.Template|x64.Build.0 = Debug|x64
		{21854844-2186-4188-A7B8-3E3BEEB3213B}.Template|x86.ActiveCfg = Debug|Win32
		{21854844-2186-4188-A7B8-3E3BEEB3213B}.Template|x86.Build.0 = Debug|Win32
	EndGlobalSection
	GlobalSection(SolutionProperties) = preSolution
		HideSolutionNode = FALSE
	EndGlobalSection
	GlobalSection(ExtensibilityGlobals) = postSolution
		SolutionGuid = {41666971-38A7-4C14-836E-11444E9CEEAC}
	EndGlobalSection
EndGlobal
