<?xml version="1.0" encoding="utf-8"?>
<Project ToolsVersion="4.0" xmlns="http://schemas.microsoft.com/developer/msbuild/2003">
  <ItemGroup>
    <Filter Include="Source Files">
      <UniqueIdentifier>{4FC737F1-C7A5-4376-A066-2A32D752A2FF}</UniqueIdentifier>
      <Extensions>cpp;c;cc;cxx;def;odl;idl;hpj;bat;asm;asmx</Extensions>
    </Filter>
    <Filter Include="Header Files">
      <UniqueIdentifier>{93995380-89BD-4b04-88EB-625FBE52EBFB}</UniqueIdentifier>
      <Extensions>h;hh;hpp;hxx;hm;inl;inc;ipp;xsd</Extensions>
    </Filter>
    <Filter Include="Resource Files">
      <UniqueIdentifier>{67DA6AB6-F800-4c08-8B7A-83BB121AAD01}</UniqueIdentifier>
      <Extensions>rc;ico;cur;bmp;dlg;rc2;rct;bin;rgs;gif;jpg;jpeg;jpe;resx;tiff;tif;png;wav;mfcribbon-ms</Extensions>
    </Filter>
  </ItemGroup>
  <ItemGroup>
    <ClCompile Include="WarpTpsLib.cpp">
      <Filter>Source Files</Filter>
    </ClCompile>
    <ClCompile Include="pch.cpp">
      <Filter>Source Files</Filter>
    </ClCompile>
    <ClCompile Include="ModelObject.cpp">
      <Filter>Source Files</Filter>
    </ClCompile>
    <ClCompile Include="TPSTransform.cpp">
      <Filter>Source Files</Filter>
    </ClCompile>
  </ItemGroup>
  <ItemGroup>
    <None Include="WarpTpsLib.def">
      <Filter>Source Files</Filter>
    </None>
    <None Include="res\WarpTpsLib.rc2">
      <Filter>Resource Files</Filter>
    </None>
    <None Include="MatrixBase.inl">
      <Filter>Header Files</Filter>
    </None>
  </ItemGroup>
  <ItemGroup>
    <ClInclude Include="framework.h">
      <Filter>Header Files</Filter>
    </ClInclude>
    <ClInclude Include="targetver.h">
      <Filter>Header Files</Filter>
    </ClInclude>
    <ClInclude Include="Resource.h">
      <Filter>Header Files</Filter>
    </ClInclude>
    <ClInclude Include="WarpTpsLib.h">
      <Filter>Header Files</Filter>
    </ClInclude>
    <ClInclude Include="pch.h">
      <Filter>Header Files</Filter>
    </ClInclude>
    <ClInclude Include="MatrixBase.h">
      <Filter>Header Files</Filter>
    </ClInclude>
    <ClInclude Include="MatrixNxM.h">
      <Filter>Header Files</Filter>
    </ClInclude>
    <ClInclude Include="ModelObject.h">
      <Filter>Header Files</Filter>
    </ClInclude>
    <ClInclude Include="TPSTransform.h">
      <Filter>Header Files</Filter>
    </ClInclude>
    <ClInclude Include="VectorBase.h">
      <Filter>Header Files</Filter>
    </ClInclude>
    <ClInclude Include="VectorD.h">
      <Filter>Header Files</Filter>
    </ClInclude>
    <ClInclude Include="VectorN.h">
      <Filter>Header Files</Filter>
    </ClInclude>
    <ClInclude Include="UtilMacros.h">
      <Filter>Header Files</Filter>
    </ClInclude>
    <ClInclude Include="MathUtil.h">
      <Filter>Header Files</Filter>
    </ClInclude>
  </ItemGroup>
  <ItemGroup>
    <ResourceCompile Include="WarpTpsLib.rc">
      <Filter>Resource Files</Filter>
    </ResourceCompile>
  </ItemGroup>
</Project>