<?xml version="1.0" encoding="utf-8"?>
<Project ToolsVersion="4.0" xmlns="http://schemas.microsoft.com/developer/msbuild/2003">
  <ItemGroup>
    <Filter Include="Source Files">
      <UniqueIdentifier>{48f12216-82b7-48ae-b95e-1e0b2a8dea56}</UniqueIdentifier>
      <Extensions>cpp;c;cxx;rc;def;r;odl;idl;hpj;bat</Extensions>
    </Filter>
    <Filter Include="Header Files">
      <UniqueIdentifier>{73edcc51-8ba2-47c7-94dd-5a0373d04a4c}</UniqueIdentifier>
      <Extensions>h;hpp;hxx;hm;inl</Extensions>
    </Filter>
    <Filter Include="Resource Files">
      <UniqueIdentifier>{ab92e48d-374f-4984-8980-48e3aadbc9c2}</UniqueIdentifier>
      <Extensions>ico;cur;bmp;dlg;rc2;rct;bin;rgs;gif;jpg;jpeg;jpe</Extensions>
    </Filter>
  </ItemGroup>
  <ItemGroup>
    <ClCompile Include="MainFrm.cpp">
      <Filter>Source Files</Filter>
    </ClCompile>
    <ClCompile Include="StdAfx.cpp">
      <Filter>Source Files</Filter>
    </ClCompile>
    <ClCompile Include="WarpTPS.cpp">
      <Filter>Source Files</Filter>
    </ClCompile>
    <ClCompile Include="WarpTPSDoc.cpp">
      <Filter>Source Files</Filter>
    </ClCompile>
    <ClCompile Include="WarpTPSView.cpp">
      <Filter>Source Files</Filter>
    </ClCompile>
    <ClCompile Include="DibView.cpp">
      <Filter>Source Files</Filter>
    </ClCompile>
    <ClCompile Include="ModelObject.cpp">
      <Filter>Source Files</Filter>
    </ClCompile>
    <ClCompile Include="Observer.cpp">
      <Filter>Source Files</Filter>
    </ClCompile>
    <ClCompile Include="MorphSlider.cpp">
      <Filter>Source Files</Filter>
    </ClCompile>
  </ItemGroup>
  <ItemGroup>
    <ResourceCompile Include="WarpTPS.rc">
      <Filter>Source Files</Filter>
    </ResourceCompile>
  </ItemGroup>
  <ItemGroup>
    <ClInclude Include="MainFrm.h">
      <Filter>Header Files</Filter>
    </ClInclude>
    <ClInclude Include="Resource.h">
      <Filter>Header Files</Filter>
    </ClInclude>
    <ClInclude Include="StdAfx.h">
      <Filter>Header Files</Filter>
    </ClInclude>
    <ClInclude Include="WarpTPS.h">
      <Filter>Header Files</Filter>
    </ClInclude>
    <ClInclude Include="WarpTPSDoc.h">
      <Filter>Header Files</Filter>
    </ClInclude>
    <ClInclude Include="WarpTPSView.h">
      <Filter>Header Files</Filter>
    </ClInclude>
    <ClInclude Include="DibView.h">
      <Filter>Header Files</Filter>
    </ClInclude>
    <ClInclude Include="MorphSlider.h">
      <Filter>Header Files</Filter>
    </ClInclude>
  </ItemGroup>
  <ItemGroup>
    <CustomBuild Include="res\Toolbar.bmp">
      <Filter>Resource Files</Filter>
    </CustomBuild>
    <CustomBuild Include="res\WarpTPS.ico">
      <Filter>Resource Files</Filter>
    </CustomBuild>
    <CustomBuild Include="res\WarpTPS.rc2">
      <Filter>Resource Files</Filter>
    </CustomBuild>
    <CustomBuild Include="res\WarpTPSDoc.ico">
      <Filter>Resource Files</Filter>
    </CustomBuild>
    <CustomBuild Include="ReadMe.txt" />
  </ItemGroup>
  <ItemGroup>
    <None Include="ClassDiagram1.cd" />
  </ItemGroup>
</Project>